{
  "version": 4,
  "terraform_version": "1.4.6",
  "serial": 1,
  "lineage": "0dff8db5-6c53-a5f2-c04c-71c00671dd49",
  "outputs": {},
  "resources": [
    {
      "mode": "managed",
      "type": "newrelic_one_dashboard",
      "name": "exampledash",
      "provider": "provider[\"registry.terraform.io/newrelic/newrelic\"]",
      "instances": [
        {
          "schema_version": 0,
          "attributes": {
            "account_id": 4049626,
            "description": null,
            "guid": "NDA0OTYyNnxWSVp8REFTSEJPQVJEfGRhOjQxMDQwNjc",
            "id": "NDA0OTYyNnxWSVp8REFTSEJPQVJEfGRhOjQxMDQwNjc",
            "name": "Simple_Dashboard",
            "page": [
              {
                "description": "",
                "guid": "NDA0OTYyNnxWSVp8REFTSEJPQVJEfDExMzg0NjI2",
                "name": "New Relic Terraform Dashboard",
                "widget_area": [],
                "widget_bar": [],
                "widget_billboard": [],
                "widget_bullet": [],
                "widget_funnel": [],
                "widget_heatmap": [],
                "widget_histogram": [],
                "widget_json": [],
                "widget_line": [],
                "widget_log_table": [],
                "widget_markdown": [],
                "widget_pie": [],
                "widget_stacked_bar": [],
                "widget_table": []
              }
            ],
            "permalink": "https://one.newrelic.com/redirect/entity/NDA0OTYyNnxWSVp8REFTSEJPQVJEfGRhOjQxMDQwNjc",
            "permissions": "public_read_only",
            "variable": []
          },
          "sensitive_attributes": [],
          "private": "bnVsbA=="
        }
      ]
    }
  ],
  "check_results": null
}
